
Microsoft Visual Studio Solution File, Format Version 12.00
# Visual Studio Version 17
VisualStudioVersion = 17.14.36310.24 d17.14
MinimumVisualStudioVersion = 10.0.40219.1
Project("{FAE04EC0-301F-11D3-BF4B-00C04F79EFBC}") = "codit_school_core_ms", "codit_school_core_ms.csproj", "{A98611E7-51F4-4623-B9EB-878203578BC9}"
EndProject
Global
	GlobalSection(SolutionConfigurationPlatforms) = preSolution
		Debug|Any CPU = Debug|Any CPU
		Release|Any CPU = Release|Any CPU
	EndGlobalSection
	GlobalSection(ProjectConfigurationPlatforms) = postSolution
		{A98611E7-51F4-4623-B9EB-878203578BC9}.Debug|Any CPU.ActiveCfg = Debug|Any CPU
		{A98611E7-51F4-4623-B9EB-878203578BC9}.Debug|Any CPU.Build.0 = Debug|Any CPU
		{A98611E7-51F4-4623-B9EB-878203578BC9}.Release|Any CPU.ActiveCfg = Release|Any CPU
		{A98611E7-51F4-4623-B9EB-878203578BC9}.Release|Any CPU.Build.0 = Release|Any CPU
	EndGlobalSection
	GlobalSection(SolutionProperties) = preSolution
		HideSolutionNode = FALSE
	EndGlobalSection
	GlobalSection(ExtensibilityGlobals) = postSolution
		SolutionGuid = {09A44EB7-EA2F-4B12-823A-C989A6ED9BA2}
	EndGlobalSection
EndGlobal
